
Microsoft Visual Studio Solution File, Format Version 12.00
Project("{FAE04EC0-301F-11D3-BF4B-00C04F79EFBC}") = "Finite_field", "Finite_field\Finite_field.csproj", "{5390F28B-A849-455C-9C3E-D49DC2BF1EEA}"
EndProject
Project("{FAE04EC0-301F-11D3-BF4B-00C04F79EFBC}") = "Tests1", "Tests1\Tests1.csproj", "{CCC17D1D-ED73-4B85-8F5D-69490513B54F}"
EndProject
Global
	GlobalSection(SolutionConfigurationPlatforms) = preSolution
		Debug|Any CPU = Debug|Any CPU
		Release|Any CPU = Release|Any CPU
	EndGlobalSection
	GlobalSection(ProjectConfigurationPlatforms) = postSolution
		{5390F28B-A849-455C-9C3E-D49DC2BF1EEA}.Debug|Any CPU.ActiveCfg = Debug|Any CPU
		{5390F28B-A849-455C-9C3E-D49DC2BF1EEA}.Debug|Any CPU.Build.0 = Debug|Any CPU
		{5390F28B-A849-455C-9C3E-D49DC2BF1EEA}.Release|Any CPU.ActiveCfg = Release|Any CPU
		{5390F28B-A849-455C-9C3E-D49DC2BF1EEA}.Release|Any CPU.Build.0 = Release|Any CPU
		{CCC17D1D-ED73-4B85-8F5D-69490513B54F}.Debug|Any CPU.ActiveCfg = Debug|Any CPU
		{CCC17D1D-ED73-4B85-8F5D-69490513B54F}.Debug|Any CPU.Build.0 = Debug|Any CPU
		{CCC17D1D-ED73-4B85-8F5D-69490513B54F}.Release|Any CPU.ActiveCfg = Release|Any CPU
		{CCC17D1D-ED73-4B85-8F5D-69490513B54F}.Release|Any CPU.Build.0 = Release|Any CPU
	EndGlobalSection
EndGlobal
